# This file is automatically @generated by Cargo.
# It is not intended for manual editing.
version = 4

[[package]]
name = "langshell"
version = "0.1.0"

[[package]]
name = "langshell-cli"
version = "0.1.0"

[[package]]
name = "langshell-core"
version = "0.1.0"

[[package]]
name = "langshell-monty"
version = "0.1.0"

[[package]]
name = "langshell-tools"
version = "0.1.0"

[[patch.unused]]
name = "monty"
version = "0.0.17"
source = "git+https://github.com/pydantic/monty.git?tag=v0.0.17#5c7cf2b62be8e4421a4828072d41ebe69328bbf2"
